
Microsoft Visual Studio Solution File, Format Version 12.00
# Visual Studio 2015
Project("{FAE04EC0-301F-11D3-BF4B-00C04F79EFBC}") = "WorkingFPS.Plugins", "WorkingFPS.Plugins.csproj", "{1FE7E9B7-B9E7-9064-8C9D-58613F4AC8A4}"
EndProject
Project("{FAE04EC0-301F-11D3-BF4B-00C04F79EFBC}") = "WorkingFPS", "WorkingFPS.csproj", "{A9530F69-F210-A041-FA24-617FC425AD04}"
EndProject
Project("{FAE04EC0-301F-11D3-BF4B-00C04F79EFBC}") = "WorkingFPS.Editor", "WorkingFPS.Editor.csproj", "{31BF381F-3706-A915-61FD-B56946560FC2}"
EndProject
Global
	GlobalSection(SolutionConfigurationPlatforms) = preSolution
		Debug|Any CPU = Debug|Any CPU
		Release|Any CPU = Release|Any CPU
	EndGlobalSection
	GlobalSection(ProjectConfigurationPlatforms) = postSolution
		{1FE7E9B7-B9E7-9064-8C9D-58613F4AC8A4}.Debug|Any CPU.ActiveCfg = Debug|Any CPU
		{1FE7E9B7-B9E7-9064-8C9D-58613F4AC8A4}.Debug|Any CPU.Build.0 = Debug|Any CPU
		{1FE7E9B7-B9E7-9064-8C9D-58613F4AC8A4}.Release|Any CPU.ActiveCfg = Release|Any CPU
		{1FE7E9B7-B9E7-9064-8C9D-58613F4AC8A4}.Release|Any CPU.Build.0 = Release|Any CPU
		{A9530F69-F210-A041-FA24-617FC425AD04}.Debug|Any CPU.ActiveCfg = Debug|Any CPU
		{A9530F69-F210-A041-FA24-617FC425AD04}.Debug|Any CPU.Build.0 = Debug|Any CPU
		{A9530F69-F210-A041-FA24-617FC425AD04}.Release|Any CPU.ActiveCfg = Release|Any CPU
		{A9530F69-F210-A041-FA24-617FC425AD04}.Release|Any CPU.Build.0 = Release|Any CPU
		{31BF381F-3706-A915-61FD-B56946560FC2}.Debug|Any CPU.ActiveCfg = Debug|Any CPU
		{31BF381F-3706-A915-61FD-B56946560FC2}.Debug|Any CPU.Build.0 = Debug|Any CPU
		{31BF381F-3706-A915-61FD-B56946560FC2}.Release|Any CPU.ActiveCfg = Release|Any CPU
		{31BF381F-3706-A915-61FD-B56946560FC2}.Release|Any CPU.Build.0 = Release|Any CPU
	EndGlobalSection
	GlobalSection(SolutionProperties) = preSolution
		HideSolutionNode = FALSE
	EndGlobalSection
EndGlobal
